
Microsoft Visual Studio Solution File, Format Version 12.00
# Visual Studio 15
VisualStudioVersion = 15.0.28307.136
MinimumVisualStudioVersion = 10.0.40219.1
Project("{FAE04EC0-301F-11D3-BF4B-00C04F79EFBC}") = "Dojon", "Dojon\Dojon.csproj", "{34D61FEB-4E76-49C8-9721-1943226EEE61}"
EndProject
Project("{9A19103F-16F7-4668-BE54-9A1E7A4F7556}") = "Dojon.Tests", "Dojon.Tests\Dojon.Tests.csproj", "{EB814CE6-3BCC-4582-AECB-0DB90D3984E8}"
EndProject
Project("{FAE04EC0-301F-11D3-BF4B-00C04F79EFBC}") = "GameLib", "GameLib\GameLib.csproj", "{7191AFD1-3ED2-4553-849B-F16ABC9FFF27}"
EndProject
Project("{FAE04EC0-301F-11D3-BF4B-00C04F79EFBC}") = "Tester", "Tester\Tester.csproj", "{33173342-BCE4-4BAD-8054-8CD599B2B499}"
EndProject
Project("{FAE04EC0-301F-11D3-BF4B-00C04F79EFBC}") = "GameLibTests", "GameLibTests\GameLibTests.csproj", "{AED90667-5E02-4583-A1D4-25689AE678D6}"
EndProject
Global
	GlobalSection(SolutionConfigurationPlatforms) = preSolution
		Debug|Any CPU = Debug|Any CPU
		Release|Any CPU = Release|Any CPU
	EndGlobalSection
	GlobalSection(ProjectConfigurationPlatforms) = postSolution
		{34D61FEB-4E76-49C8-9721-1943226EEE61}.Debug|Any CPU.ActiveCfg = Debug|Any CPU
		{34D61FEB-4E76-49C8-9721-1943226EEE61}.Debug|Any CPU.Build.0 = Debug|Any CPU
		{34D61FEB-4E76-49C8-9721-1943226EEE61}.Release|Any CPU.ActiveCfg = Release|Any CPU
		{34D61FEB-4E76-49C8-9721-1943226EEE61}.Release|Any CPU.Build.0 = Release|Any CPU
		{EB814CE6-3BCC-4582-AECB-0DB90D3984E8}.Debug|Any CPU.ActiveCfg = Debug|Any CPU
		{EB814CE6-3BCC-4582-AECB-0DB90D3984E8}.Debug|Any CPU.Build.0 = Debug|Any CPU
		{EB814CE6-3BCC-4582-AECB-0DB90D3984E8}.Release|Any CPU.ActiveCfg = Release|Any CPU
		{EB814CE6-3BCC-4582-AECB-0DB90D3984E8}.Release|Any CPU.Build.0 = Release|Any CPU
		{7191AFD1-3ED2-4553-849B-F16ABC9FFF27}.Debug|Any CPU.ActiveCfg = Debug|Any CPU
		{7191AFD1-3ED2-4553-849B-F16ABC9FFF27}.Debug|Any CPU.Build.0 = Debug|Any CPU
		{7191AFD1-3ED2-4553-849B-F16ABC9FFF27}.Release|Any CPU.ActiveCfg = Release|Any CPU
		{7191AFD1-3ED2-4553-849B-F16ABC9FFF27}.Release|Any CPU.Build.0 = Release|Any CPU
		{33173342-BCE4-4BAD-8054-8CD599B2B499}.Debug|Any CPU.ActiveCfg = Debug|Any CPU
		{33173342-BCE4-4BAD-8054-8CD599B2B499}.Debug|Any CPU.Build.0 = Debug|Any CPU
		{33173342-BCE4-4BAD-8054-8CD599B2B499}.Release|Any CPU.ActiveCfg = Release|Any CPU
		{33173342-BCE4-4BAD-8054-8CD599B2B499}.Release|Any CPU.Build.0 = Release|Any CPU
		{AED90667-5E02-4583-A1D4-25689AE678D6}.Debug|Any CPU.ActiveCfg = Debug|Any CPU
		{AED90667-5E02-4583-A1D4-25689AE678D6}.Debug|Any CPU.Build.0 = Debug|Any CPU
		{AED90667-5E02-4583-A1D4-25689AE678D6}.Release|Any CPU.ActiveCfg = Release|Any CPU
		{AED90667-5E02-4583-A1D4-25689AE678D6}.Release|Any CPU.Build.0 = Release|Any CPU
	EndGlobalSection
	GlobalSection(SolutionProperties) = preSolution
		HideSolutionNode = FALSE
	EndGlobalSection
	GlobalSection(ExtensibilityGlobals) = postSolution
		SolutionGuid = {73AF7A72-3024-4DB3-A2BF-DAD6A32E23E7}
	EndGlobalSection
EndGlobal
